
Microsoft Visual Studio Solution File, Format Version 12.00
# Visual Studio Version 17
VisualStudioVersion = 17.14.37531.7 d17.14
MinimumVisualStudioVersion = 10.0.40219.1
Project("{FAE04EC0-301F-11D3-BF4B-00C04F79EFBC}") = "my-book", "my-book\my-book.csproj", "{79E8FEEF-7471-47D2-B8CE-931A04AEBA3D}"
EndProject
Global
	GlobalSection(SolutionConfigurationPlatforms) = preSolution
		Debug|Any CPU = Debug|Any CPU
		Release|Any CPU = Release|Any CPU
	EndGlobalSection
	GlobalSection(ProjectConfigurationPlatforms) = postSolution
		{79E8FEEF-7471-47D2-B8CE-931A04AEBA3D}.Debug|Any CPU.ActiveCfg = Debug|Any CPU
		{79E8FEEF-7471-47D2-B8CE-931A04AEBA3D}.Debug|Any CPU.Build.0 = Debug|Any CPU
		{79E8FEEF-7471-47D2-B8CE-931A04AEBA3D}.Release|Any CPU.ActiveCfg = Release|Any CPU
		{79E8FEEF-7471-47D2-B8CE-931A04AEBA3D}.Release|Any CPU.Build.0 = Release|Any CPU
	EndGlobalSection
	GlobalSection(SolutionProperties) = preSolution
		HideSolutionNode = FALSE
	EndGlobalSection
	GlobalSection(ExtensibilityGlobals) = postSolution
		SolutionGuid = {00CC7C94-2173-4723-B641-8003219D3E0B}
	EndGlobalSection
EndGlobal
